// !$*UTF8*$!
{
	archiveVersion = 1;
	classes = {
	};
	objectVersion = 48;
	objects = {

/* Begin PBXBuildFile section */
		19DF50971FD462B5004589A7 /* GTMSessionFetcher.framework in Frameworks */ = {isa = PBXBuildFile; fileRef = 19DF508D1FD462B5004589A7 /* GTMSessionFetcher.framework */; };
		19DF509C1FD462B5004589A7 /* GTMSessionFetcherTests.swift in Sources */ = {isa = PBXBuildFile; fileRef = 19DF509B1FD462B5004589A7 /* GTMSessionFetcherTests.swift */; };
		19DF51041FD462F6004589A7 /* GTMGatherInputStream.m in Sources */ = {isa = PBXBuildFile; fileRef = 19DF50A81FD462F6004589A7 /* GTMGatherInputStream.m */; };
		19DF51051FD462F6004589A7 /* GTMSessionFetcherLogging.m in Sources */ = {isa = PBXBuildFile; fileRef = 19DF50A91FD462F6004589A7 /* GTMSessionFetcherLogging.m */; };
		19DF51151FD462F6004589A7 /* GTMSessionFetcherLogViewController.m in Sources */ = {isa = PBXBuildFile; fileRef = 19DF50BD1FD462F6004589A7 /* GTMSessionFetcherLogViewController.m */; };
		19DF51161FD462F6004589A7 /* GTMMIMEDocument.h in Headers */ = {isa = PBXBuildFile; fileRef = 19DF50BE1FD462F6004589A7 /* GTMMIMEDocument.h */; settings = {ATTRIBUTES = (Public, ); }; };
		19DF51191FD462F6004589A7 /* GTMSessionFetcher.h in Headers */ = {isa = PBXBuildFile; fileRef = 19DF50C21FD462F6004589A7 /* GTMSessionFetcher.h */; settings = {ATTRIBUTES = (Public, ); }; };
		19DF511A1FD462F6004589A7 /* GTMSessionUploadFetcher.h in Headers */ = {isa = PBXBuildFile; fileRef = 19DF50C31FD462F6004589A7 /* GTMSessionUploadFetcher.h */; settings = {ATTRIBUTES = (Public, ); }; };
		19DF511B1FD462F6004589A7 /* GTMReadMonitorInputStream.m in Sources */ = {isa = PBXBuildFile; fileRef = 19DF50C41FD462F6004589A7 /* GTMReadMonitorInputStream.m */; };
		19DF512B1FD462F7004589A7 /* GTMSessionFetcherService.m in Sources */ = {isa = PBXBuildFile; fileRef = 19DF50DA1FD462F6004589A7 /* GTMSessionFetcherService.m */; };
		19DF512E1FD462F7004589A7 /* GTMGatherInputStream.h in Headers */ = {isa = PBXBuildFile; fileRef = 19DF50DE1FD462F6004589A7 /* GTMGatherInputStream.h */; settings = {ATTRIBUTES = (Public, ); }; };
		19DF51311FD462F7004589A7 /* GTMSessionFetcherLogViewController.h in Headers */ = {isa = PBXBuildFile; fileRef = 19DF50E21FD462F6004589A7 /* GTMSessionFetcherLogViewController.h */; settings = {ATTRIBUTES = (Public, ); }; };
		19DF51321FD462F7004589A7 /* GTMSessionFetcherLogging.h in Headers */ = {isa = PBXBuildFile; fileRef = 19DF50E31FD462F6004589A7 /* GTMSessionFetcherLogging.h */; settings = {ATTRIBUTES = (Public, ); }; };
		19DF51331FD462F7004589A7 /* GTMReadMonitorInputStream.h in Headers */ = {isa = PBXBuildFile; fileRef = 19DF50E41FD462F6004589A7 /* GTMReadMonitorInputStream.h */; settings = {ATTRIBUTES = (Public, ); }; };
		19DF51341FD462F7004589A7 /* GTMSessionFetcher.m in Sources */ = {isa = PBXBuildFile; fileRef = 19DF50E51FD462F6004589A7 /* GTMSessionFetcher.m */; };
		19DF51351FD462F7004589A7 /* GTMSessionUploadFetcher.m in Sources */ = {isa = PBXBuildFile; fileRef = 19DF50E61FD462F6004589A7 /* GTMSessionUploadFetcher.m */; };
		19DF51361FD462F7004589A7 /* GTMMIMEDocument.m in Sources */ = {isa = PBXBuildFile; fileRef = 19DF50E71FD462F6004589A7 /* GTMMIMEDocument.m */; };
		19DF51371FD462F7004589A7 /* GTMSessionFetcherService.h in Headers */ = {isa = PBXBuildFile; fileRef = 19DF50E81FD462F6004589A7 /* GTMSessionFetcherService.h */; settings = {ATTRIBUTES = (Public, ); }; };
		19DF51461FD46328004589A7 /* GTMSessionFetcher.framework in Frameworks */ = {isa = PBXBuildFile; fileRef = 19DF513D1FD46328004589A7 /* GTMSessionFetcher.framework */; };
		19DF514B1FD46328004589A7 /* GTMSessionFetcherOSXTests.swift in Sources */ = {isa = PBXBuildFile; fileRef = 19DF514A1FD46328004589A7 /* GTMSessionFetcherOSXTests.swift */; };
		19DF51621FD4633D004589A7 /* GTMSessionFetcher.framework in Frameworks */ = {isa = PBXBuildFile; fileRef = 19DF51591FD4633D004589A7 /* GTMSessionFetcher.framework */; };
		19DF51671FD4633D004589A7 /* GTMSessionFetcherTVTests.swift in Sources */ = {isa = PBXBuildFile; fileRef = 19DF51661FD4633D004589A7 /* GTMSessionFetcherTVTests.swift */; };
		19DF51851FD464B0004589A7 /* GTMSessionFetcherIOS.h in Headers */ = {isa = PBXBuildFile; fileRef = 19DF51831FD464B0004589A7 /* GTMSessionFetcherIOS.h */; settings = {ATTRIBUTES = (Public, ); }; };
		19DF51861FD464B0004589A7 /* Info.plist in Resources */ = {isa = PBXBuildFile; fileRef = 19DF51841FD464B0004589A7 /* Info.plist */; };
		19DF51891FD46561004589A7 /* Info.plist in Resources */ = {isa = PBXBuildFile; fileRef = 19DF51871FD46561004589A7 /* Info.plist */; };
		19DF518A1FD46561004589A7 /* GTMSessionFetcherOSX.h in Headers */ = {isa = PBXBuildFile; fileRef = 19DF51881FD46561004589A7 /* GTMSessionFetcherOSX.h */; settings = {ATTRIBUTES = (Public, ); }; };
		19DF518D1FD46572004589A7 /* GTMSessionFetchertvOS.h in Headers */ = {isa = PBXBuildFile; fileRef = 19DF518B1FD46572004589A7 /* GTMSessionFetchertvOS.h */; settings = {ATTRIBUTES = (Public, ); }; };
		19DF518E1FD46572004589A7 /* Info.plist in Resources */ = {isa = PBXBuildFile; fileRef = 19DF518C1FD46572004589A7 /* Info.plist */; };
		19DF51911FD46580004589A7 /* GTMSessionFetcherwatchOS.h in Headers */ = {isa = PBXBuildFile; fileRef = 19DF518F1FD46580004589A7 /* GTMSessionFetcherwatchOS.h */; settings = {ATTRIBUTES = (Public, ); }; };
		19DF51921FD46580004589A7 /* Info.plist in Resources */ = {isa = PBXBuildFile; fileRef = 19DF51901FD46580004589A7 /* Info.plist */; };
		19DF51961FD465E0004589A7 /* GTMSessionFetcherIOS.framework in Frameworks */ = {isa = PBXBuildFile; fileRef = 19DF50F91FD462F6004589A7 /* GTMSessionFetcherIOS.framework */; };
		19DF51991FD465ED004589A7 /* GTMSessionFetcherOSX.framework in Frameworks */ = {isa = PBXBuildFile; fileRef = 19DF50F31FD462F6004589A7 /* GTMSessionFetcherOSX.framework */; };
		19DF519C1FD465FC004589A7 /* GTMSessionFetchertvOS.framework in Frameworks */ = {isa = PBXBuildFile; fileRef = 19DF50FF1FD462F6004589A7 /* GTMSessionFetchertvOS.framework */; };
		19DF519F1FD46607004589A7 /* GTMSessionFetcherwatchOS.framework in Frameworks */ = {isa = PBXBuildFile; fileRef = 19DF51031FD462F6004589A7 /* GTMSessionFetcherwatchOS.framework */; };
		19DF51A01FD4662B004589A7 /* GTMGatherInputStream.m in Sources */ = {isa = PBXBuildFile; fileRef = 19DF50A81FD462F6004589A7 /* GTMGatherInputStream.m */; };
		19DF51A11FD4662C004589A7 /* GTMGatherInputStream.m in Sources */ = {isa = PBXBuildFile; fileRef = 19DF50A81FD462F6004589A7 /* GTMGatherInputStream.m */; };
		19DF51A21FD4662C004589A7 /* GTMGatherInputStream.m in Sources */ = {isa = PBXBuildFile; fileRef = 19DF50A81FD462F6004589A7 /* GTMGatherInputStream.m */; };
		19DF51A31FD4663B004589A7 /* GTMSessionFetcherLogging.m in Sources */ = {isa = PBXBuildFile; fileRef = 19DF50A91FD462F6004589A7 /* GTMSessionFetcherLogging.m */; };
		19DF51A51FD4663B004589A7 /* GTMMIMEDocument.h in Headers */ = {isa = PBXBuildFile; fileRef = 19DF50BE1FD462F6004589A7 /* GTMMIMEDocument.h */; settings = {ATTRIBUTES = (Public, ); }; };
		19DF51A61FD4663B004589A7 /* GTMSessionFetcher.h in Headers */ = {isa = PBXBuildFile; fileRef = 19DF50C21FD462F6004589A7 /* GTMSessionFetcher.h */; settings = {ATTRIBUTES = (Public, ); }; };
		19DF51A71FD4663B004589A7 /* GTMSessionUploadFetcher.h in Headers */ = {isa = PBXBuildFile; fileRef = 19DF50C31FD462F6004589A7 /* GTMSessionUploadFetcher.h */; settings = {ATTRIBUTES = (Public, ); }; };
		19DF51A81FD4663B004589A7 /* GTMReadMonitorInputStream.m in Sources */ = {isa = PBXBuildFile; fileRef = 19DF50C41FD462F6004589A7 /* GTMReadMonitorInputStream.m */; };
		19DF51A91FD4663B004589A7 /* GTMSessionFetcherService.m in Sources */ = {isa = PBXBuildFile; fileRef = 19DF50DA1FD462F6004589A7 /* GTMSessionFetcherService.m */; };
		19DF51AA1FD4663B004589A7 /* GTMGatherInputStream.h in Headers */ = {isa = PBXBuildFile; fileRef = 19DF50DE1FD462F6004589A7 /* GTMGatherInputStream.h */; settings = {ATTRIBUTES = (Public, ); }; };
		19DF51AC1FD4663B004589A7 /* GTMSessionFetcherLogging.h in Headers */ = {isa = PBXBuildFile; fileRef = 19DF50E31FD462F6004589A7 /* GTMSessionFetcherLogging.h */; settings = {ATTRIBUTES = (Public, ); }; };
		19DF51AD1FD4663B004589A7 /* GTMReadMonitorInputStream.h in Headers */ = {isa = PBXBuildFile; fileRef = 19DF50E41FD462F6004589A7 /* GTMReadMonitorInputStream.h */; settings = {ATTRIBUTES = (Public, ); }; };
		19DF51AE1FD4663B004589A7 /* GTMSessionFetcher.m in Sources */ = {isa = PBXBuildFile; fileRef = 19DF50E51FD462F6004589A7 /* GTMSessionFetcher.m */; };
		19DF51AF1FD4663B004589A7 /* GTMSessionUploadFetcher.m in Sources */ = {isa = PBXBuildFile; fileRef = 19DF50E61FD462F6004589A7 /* GTMSessionUploadFetcher.m */; };
		19DF51B01FD4663B004589A7 /* GTMMIMEDocument.m in Sources */ = {isa = PBXBuildFile; fileRef = 19DF50E71FD462F6004589A7 /* GTMMIMEDocument.m */; };
		19DF51B11FD4663B004589A7 /* GTMSessionFetcherService.h in Headers */ = {isa = PBXBuildFile; fileRef = 19DF50E81FD462F6004589A7 /* GTMSessionFetcherService.h */; settings = {ATTRIBUTES = (Public, ); }; };
		19DF51B21FD4663B004589A7 /* GTMSessionFetcherLogging.m in Sources */ = {isa = PBXBuildFile; fileRef = 19DF50A91FD462F6004589A7 /* GTMSessionFetcherLogging.m */; };
		19DF51B41FD4663B004589A7 /* GTMMIMEDocument.h in Headers */ = {isa = PBXBuildFile; fileRef = 19DF50BE1FD462F6004589A7 /* GTMMIMEDocument.h */; settings = {ATTRIBUTES = (Public, ); }; };
		19DF51B51FD4663B004589A7 /* GTMSessionFetcher.h in Headers */ = {isa = PBXBuildFile; fileRef = 19DF50C21FD462F6004589A7 /* GTMSessionFetcher.h */; settings = {ATTRIBUTES = (Public, ); }; };
		19DF51B61FD4663B004589A7 /* GTMSessionUploadFetcher.h in Headers */ = {isa = PBXBuildFile; fileRef = 19DF50C31FD462F6004589A7 /* GTMSessionUploadFetcher.h */; settings = {ATTRIBUTES = (Public, ); }; };
		19DF51B71FD4663B004589A7 /* GTMReadMonitorInputStream.m in Sources */ = {isa = PBXBuildFile; fileRef = 19DF50C41FD462F6004589A7 /* GTMReadMonitorInputStream.m */; };
		19DF51B81FD4663B004589A7 /* GTMSessionFetcherService.m in Sources */ = {isa = PBXBuildFile; fileRef = 19DF50DA1FD462F6004589A7 /* GTMSessionFetcherService.m */; };
		19DF51B91FD4663B004589A7 /* GTMGatherInputStream.h in Headers */ = {isa = PBXBuildFile; fileRef = 19DF50DE1FD462F6004589A7 /* GTMGatherInputStream.h */; settings = {ATTRIBUTES = (Public, ); }; };
		19DF51BB1FD4663B004589A7 /* GTMSessionFetcherLogging.h in Headers */ = {isa = PBXBuildFile; fileRef = 19DF50E31FD462F6004589A7 /* GTMSessionFetcherLogging.h */; settings = {ATTRIBUTES = (Public, ); }; };
		19DF51BC1FD4663B004589A7 /* GTMReadMonitorInputStream.h in Headers */ = {isa = PBXBuildFile; fileRef = 19DF50E41FD462F6004589A7 /* GTMReadMonitorInputStream.h */; settings = {ATTRIBUTES = (Public, ); }; };
		19DF51BD1FD4663B004589A7 /* GTMSessionFetcher.m in Sources */ = {isa = PBXBuildFile; fileRef = 19DF50E51FD462F6004589A7 /* GTMSessionFetcher.m */; };
		19DF51BE1FD4663B004589A7 /* GTMSessionUploadFetcher.m in Sources */ = {isa = PBXBuildFile; fileRef = 19DF50E61FD462F6004589A7 /* GTMSessionUploadFetcher.m */; };
		19DF51BF1FD4663B004589A7 /* GTMMIMEDocument.m in Sources */ = {isa = PBXBuildFile; fileRef = 19DF50E71FD462F6004589A7 /* GTMMIMEDocument.m */; };
		19DF51C01FD4663B004589A7 /* GTMSessionFetcherService.h in Headers */ = {isa = PBXBuildFile; fileRef = 19DF50E81FD462F6004589A7 /* GTMSessionFetcherService.h */; settings = {ATTRIBUTES = (Public, ); }; };
		19DF51C11FD4663C004589A7 /* GTMSessionFetcherLogging.m in Sources */ = {isa = PBXBuildFile; fileRef = 19DF50A91FD462F6004589A7 /* GTMSessionFetcherLogging.m */; };
		19DF51C31FD4663C004589A7 /* GTMMIMEDocument.h in Headers */ = {isa = PBXBuildFile; fileRef = 19DF50BE1FD462F6004589A7 /* GTMMIMEDocument.h */; settings = {ATTRIBUTES = (Public, ); }; };
		19DF51C41FD4663C004589A7 /* GTMSessionFetcher.h in Headers */ = {isa = PBXBuildFile; fileRef = 19DF50C21FD462F6004589A7 /* GTMSessionFetcher.h */; settings = {ATTRIBUTES = (Public, ); }; };
		19DF51C51FD4663C004589A7 /* GTMSessionUploadFetcher.h in Headers */ = {isa = PBXBuildFile; fileRef = 19DF50C31FD462F6004589A7 /* GTMSessionUploadFetcher.h */; settings = {ATTRIBUTES = (Public, ); }; };
		19DF51C61FD4663C004589A7 /* GTMReadMonitorInputStream.m in Sources */ = {isa = PBXBuildFile; fileRef = 19DF50C41FD462F6004589A7 /* GTMReadMonitorInputStream.m */; };
		19DF51C71FD4663C004589A7 /* GTMSessionFetcherService.m in Sources */ = {isa = PBXBuildFile; fileRef = 19DF50DA1FD462F6004589A7 /* GTMSessionFetcherService.m */; };
		19DF51C81FD4663C004589A7 /* GTMGatherInputStream.h in Headers */ = {isa = PBXBuildFile; fileRef = 19DF50DE1FD462F6004589A7 /* GTMGatherInputStream.h */; settings = {ATTRIBUTES = (Public, ); }; };
		19DF51CA1FD4663C004589A7 /* GTMSessionFetcherLogging.h in Headers */ = {isa = PBXBuildFile; fileRef = 19DF50E31FD462F6004589A7 /* GTMSessionFetcherLogging.h */; settings = {ATTRIBUTES = (Public, ); }; };
		19DF51CB1FD4663C004589A7 /* GTMReadMonitorInputStream.h in Headers */ = {isa = PBXBuildFile; fileRef = 19DF50E41FD462F6004589A7 /* GTMReadMonitorInputStream.h */; settings = {ATTRIBUTES = (Public, ); }; };
		19DF51CC1FD4663C004589A7 /* GTMSessionFetcher.m in Sources */ = {isa = PBXBuildFile; fileRef = 19DF50E51FD462F6004589A7 /* GTMSessionFetcher.m */; };
		19DF51CD1FD4663C004589A7 /* GTMSessionUploadFetcher.m in Sources */ = {isa = PBXBuildFile; fileRef = 19DF50E61FD462F6004589A7 /* GTMSessionUploadFetcher.m */; };
		19DF51CE1FD4663C004589A7 /* GTMMIMEDocument.m in Sources */ = {isa = PBXBuildFile; fileRef = 19DF50E71FD462F6004589A7 /* GTMMIMEDocument.m */; };
		19DF51CF1FD4663C004589A7 /* GTMSessionFetcherService.h in Headers */ = {isa = PBXBuildFile; fileRef = 19DF50E81FD462F6004589A7 /* GTMSessionFetcherService.h */; settings = {ATTRIBUTES = (Public, ); }; };
/* End PBXBuildFile section */

/* Begin PBXContainerItemProxy section */
		19DF50981FD462B5004589A7 /* PBXContainerItemProxy */ = {
			isa = PBXContainerItemProxy;
			containerPortal = 19DF50841FD462B5004589A7 /* Project object */;
			proxyType = 1;
			remoteGlobalIDString = 19DF508C1FD462B5004589A7;
			remoteInfo = GTMSessionFetcher;
		};
		19DF50F21FD462F6004589A7 /* PBXContainerItemProxy */ = {
			isa = PBXContainerItemProxy;
			containerPortal = 19DF50C51FD462F6004589A7 /* GTMSessionFetcherCore.xcodeproj */;
			proxyType = 2;
			remoteGlobalIDString = 4FA025621BB21EAB00BB255C;
			remoteInfo = GTMSessionFetcherOSX;
		};
		19DF50F41FD462F6004589A7 /* PBXContainerItemProxy */ = {
			isa = PBXContainerItemProxy;
			containerPortal = 19DF50C51FD462F6004589A7 /* GTMSessionFetcherCore.xcodeproj */;
			proxyType = 2;
			remoteGlobalIDString = 4F34A21B187CCBB50012E91E;
			remoteInfo = FetcherOSXTestApp;
		};
		19DF50F61FD462F6004589A7 /* PBXContainerItemProxy */ = {
			isa = PBXContainerItemProxy;
			containerPortal = 19DF50C51FD462F6004589A7 /* GTMSessionFetcherCore.xcodeproj */;
			proxyType = 2;
			remoteGlobalIDString = 4F5566C81862981000D6D62C;
			remoteInfo = FetcherMacTests;
		};
		19DF50F81FD462F6004589A7 /* PBXContainerItemProxy */ = {
			isa = PBXContainerItemProxy;
			containerPortal = 19DF50C51FD462F6004589A7 /* GTMSessionFetcherCore.xcodeproj */;
			proxyType = 2;
			remoteGlobalIDString = 4FEE14271BB22328002ACBF8;
			remoteInfo = GTMSessionFetcherIOS;
		};
		19DF50FA1FD462F6004589A7 /* PBXContainerItemProxy */ = {
			isa = PBXContainerItemProxy;
			containerPortal = 19DF50C51FD462F6004589A7 /* GTMSessionFetcherCore.xcodeproj */;
			proxyType = 2;
			remoteGlobalIDString = 8EC5668D18AAFB1200E2C97D;
			remoteInfo = FetcheriOSTestApp;
		};
		19DF50FC1FD462F6004589A7 /* PBXContainerItemProxy */ = {
			isa = PBXContainerItemProxy;
			containerPortal = 19DF50C51FD462F6004589A7 /* GTMSessionFetcherCore.xcodeproj */;
			proxyType = 2;
			remoteGlobalIDString = 8EC566A518AAFB1200E2C97D;
			remoteInfo = FetcheriOSTests;
		};
		19DF50FE1FD462F6004589A7 /* PBXContainerItemProxy */ = {
			isa = PBXContainerItemProxy;
			containerPortal = 19DF50C51FD462F6004589A7 /* GTMSessionFetcherCore.xcodeproj */;
			proxyType = 2;
			remoteGlobalIDString = F4A872031DA3EACE00D69E09;
			remoteInfo = GTMSessionFetchertvOS;
		};
		19DF51001FD462F6004589A7 /* PBXContainerItemProxy */ = {
			isa = PBXContainerItemProxy;
			containerPortal = 19DF50C51FD462F6004589A7 /* GTMSessionFetcherCore.xcodeproj */;
			proxyType = 2;
			remoteGlobalIDString = F4A8721D1DA3EDE700D69E09;
			remoteInfo = FetchertvOSTests;
		};
		19DF51021FD462F6004589A7 /* PBXContainerItemProxy */ = {
			isa = PBXContainerItemProxy;
			containerPortal = 19DF50C51FD462F6004589A7 /* GTMSessionFetcherCore.xcodeproj */;
			proxyType = 2;
			remoteGlobalIDString = F4B18F811F0EC6C200E55018;
			remoteInfo = GTMSessionFetcherwatchOS;
		};
		19DF51471FD46328004589A7 /* PBXContainerItemProxy */ = {
			isa = PBXContainerItemProxy;
			containerPortal = 19DF50841FD462B5004589A7 /* Project object */;
			proxyType = 1;
			remoteGlobalIDString = 19DF513C1FD46328004589A7;
			remoteInfo = GTMSessionFetcherOSX;
		};
		19DF51631FD4633D004589A7 /* PBXContainerItemProxy */ = {
			isa = PBXContainerItemProxy;
			containerPortal = 19DF50841FD462B5004589A7 /* Project object */;
			proxyType = 1;
			remoteGlobalIDString = 19DF51581FD4633D004589A7;
			remoteInfo = GTMSessionFetcherTV;
		};
		19DF51931FD465C6004589A7 /* PBXContainerItemProxy */ = {
			isa = PBXContainerItemProxy;
			containerPortal = 19DF50C51FD462F6004589A7 /* GTMSessionFetcherCore.xcodeproj */;
			proxyType = 1;
			remoteGlobalIDString = 4FEE14261BB22328002ACBF8;
			remoteInfo = GTMSessionFetcherIOS;
		};
		19DF51971FD465E8004589A7 /* PBXContainerItemProxy */ = {
			isa = PBXContainerItemProxy;
			containerPortal = 19DF50C51FD462F6004589A7 /* GTMSessionFetcherCore.xcodeproj */;
			proxyType = 1;
			remoteGlobalIDString = 4FA025611BB21EAB00BB255C;
			remoteInfo = GTMSessionFetcherOSX;
		};
		19DF519A1FD465F3004589A7 /* PBXContainerItemProxy */ = {
			isa = PBXContainerItemProxy;
			containerPortal = 19DF50C51FD462F6004589A7 /* GTMSessionFetcherCore.xcodeproj */;
			proxyType = 1;
			remoteGlobalIDString = F4A872021DA3EACE00D69E09;
			remoteInfo = GTMSessionFetchertvOS;
		};
		19DF519D1FD46602004589A7 /* PBXContainerItemProxy */ = {
			isa = PBXContainerItemProxy;
			containerPortal = 19DF50C51FD462F6004589A7 /* GTMSessionFetcherCore.xcodeproj */;
			proxyType = 1;
			remoteGlobalIDString = F4B18F6A1F0EC6C200E55018;
			remoteInfo = GTMSessionFetcherwatchOS;
		};
/* End PBXContainerItemProxy section */

/* Begin PBXFileReference section */
		19DF508D1FD462B5004589A7 /* GTMSessionFetcher.framework */ = {isa = PBXFileReference; explicitFileType = wrapper.framework; includeInIndex = 0; path = GTMSessionFetcher.framework; sourceTree = BUILT_PRODUCTS_DIR; };
		19DF50961FD462B5004589A7 /* GTMSessionFetcheriOSTests.xctest */ = {isa = PBXFileReference; explicitFileType = wrapper.cfbundle; includeInIndex = 0; path = GTMSessionFetcheriOSTests.xctest; sourceTree = BUILT_PRODUCTS_DIR; };
		19DF509B1FD462B5004589A7 /* GTMSessionFetcherTests.swift */ = {isa = PBXFileReference; lastKnownFileType = sourcecode.swift; path = GTMSessionFetcherTests.swift; sourceTree = "<group>"; };
		19DF509D1FD462B5004589A7 /* Info.plist */ = {isa = PBXFileReference; lastKnownFileType = text.plist.xml; path = Info.plist; sourceTree = "<group>"; };
		19DF50A81FD462F6004589A7 /* GTMGatherInputStream.m */ = {isa = PBXFileReference; fileEncoding = 4; lastKnownFileType = sourcecode.c.objc; path = GTMGatherInputStream.m; sourceTree = "<group>"; };
		19DF50A91FD462F6004589A7 /* GTMSessionFetcherLogging.m */ = {isa = PBXFileReference; fileEncoding = 4; lastKnownFileType = sourcecode.c.objc; path = GTMSessionFetcherLogging.m; sourceTree = "<group>"; };
		19DF50BD1FD462F6004589A7 /* GTMSessionFetcherLogViewController.m */ = {isa = PBXFileReference; fileEncoding = 4; lastKnownFileType = sourcecode.c.objc; path = GTMSessionFetcherLogViewController.m; sourceTree = "<group>"; };
		19DF50BE1FD462F6004589A7 /* GTMMIMEDocument.h */ = {isa = PBXFileReference; fileEncoding = 4; lastKnownFileType = sourcecode.c.h; path = GTMMIMEDocument.h; sourceTree = "<group>"; };
		19DF50C21FD462F6004589A7 /* GTMSessionFetcher.h */ = {isa = PBXFileReference; fileEncoding = 4; lastKnownFileType = sourcecode.c.h; path = GTMSessionFetcher.h; sourceTree = "<group>"; };
		19DF50C31FD462F6004589A7 /* GTMSessionUploadFetcher.h */ = {isa = PBXFileReference; fileEncoding = 4; lastKnownFileType = sourcecode.c.h; path = GTMSessionUploadFetcher.h; sourceTree = "<group>"; };
		19DF50C41FD462F6004589A7 /* GTMReadMonitorInputStream.m */ = {isa = PBXFileReference; fileEncoding = 4; lastKnownFileType = sourcecode.c.objc; path = GTMReadMonitorInputStream.m; sourceTree = "<group>"; };
		19DF50C51FD462F6004589A7 /* GTMSessionFetcherCore.xcodeproj */ = {isa = PBXFileReference; lastKnownFileType = "wrapper.pb-project"; path = GTMSessionFetcherCore.xcodeproj; sourceTree = "<group>"; };
		19DF50DA1FD462F6004589A7 /* GTMSessionFetcherService.m */ = {isa = PBXFileReference; fileEncoding = 4; lastKnownFileType = sourcecode.c.objc; path = GTMSessionFetcherService.m; sourceTree = "<group>"; };
		19DF50DE1FD462F6004589A7 /* GTMGatherInputStream.h */ = {isa = PBXFileReference; fileEncoding = 4; lastKnownFileType = sourcecode.c.h; path = GTMGatherInputStream.h; sourceTree = "<group>"; };
		19DF50E21FD462F6004589A7 /* GTMSessionFetcherLogViewController.h */ = {isa = PBXFileReference; fileEncoding = 4; lastKnownFileType = sourcecode.c.h; path = GTMSessionFetcherLogViewController.h; sourceTree = "<group>"; };
		19DF50E31FD462F6004589A7 /* GTMSessionFetcherLogging.h */ = {isa = PBXFileReference; fileEncoding = 4; lastKnownFileType = sourcecode.c.h; path = GTMSessionFetcherLogging.h; sourceTree = "<group>"; };
		19DF50E41FD462F6004589A7 /* GTMReadMonitorInputStream.h */ = {isa = PBXFileReference; fileEncoding = 4; lastKnownFileType = sourcecode.c.h; path = GTMReadMonitorInputStream.h; sourceTree = "<group>"; };
		19DF50E51FD462F6004589A7 /* GTMSessionFetcher.m */ = {isa = PBXFileReference; fileEncoding = 4; lastKnownFileType = sourcecode.c.objc; path = GTMSessionFetcher.m; sourceTree = "<group>"; };
		19DF50E61FD462F6004589A7 /* GTMSessionUploadFetcher.m */ = {isa = PBXFileReference; fileEncoding = 4; lastKnownFileType = sourcecode.c.objc; path = GTMSessionUploadFetcher.m; sourceTree = "<group>"; };
		19DF50E71FD462F6004589A7 /* GTMMIMEDocument.m */ = {isa = PBXFileReference; fileEncoding = 4; lastKnownFileType = sourcecode.c.objc; path = GTMMIMEDocument.m; sourceTree = "<group>"; };
		19DF50E81FD462F6004589A7 /* GTMSessionFetcherService.h */ = {isa = PBXFileReference; fileEncoding = 4; lastKnownFileType = sourcecode.c.h; path = GTMSessionFetcherService.h; sourceTree = "<group>"; };
		19DF513D1FD46328004589A7 /* GTMSessionFetcher.framework */ = {isa = PBXFileReference; explicitFileType = wrapper.framework; includeInIndex = 0; path = GTMSessionFetcher.framework; sourceTree = BUILT_PRODUCTS_DIR; };
		19DF51451FD46328004589A7 /* GTMSessionFetcherOSXTests.xctest */ = {isa = PBXFileReference; explicitFileType = wrapper.cfbundle; includeInIndex = 0; path = GTMSessionFetcherOSXTests.xctest; sourceTree = BUILT_PRODUCTS_DIR; };
		19DF514A1FD46328004589A7 /* GTMSessionFetcherOSXTests.swift */ = {isa = PBXFileReference; lastKnownFileType = sourcecode.swift; path = GTMSessionFetcherOSXTests.swift; sourceTree = "<group>"; };
		19DF514C1FD46328004589A7 /* Info.plist */ = {isa = PBXFileReference; lastKnownFileType = text.plist.xml; path = Info.plist; sourceTree = "<group>"; };
		19DF51591FD4633D004589A7 /* GTMSessionFetcher.framework */ = {isa = PBXFileReference; explicitFileType = wrapper.framework; includeInIndex = 0; path = GTMSessionFetcher.framework; sourceTree = BUILT_PRODUCTS_DIR; };
		19DF51611FD4633D004589A7 /* GTMSessionFetchertvOSTests.xctest */ = {isa = PBXFileReference; explicitFileType = wrapper.cfbundle; includeInIndex = 0; path = GTMSessionFetchertvOSTests.xctest; sourceTree = BUILT_PRODUCTS_DIR; };
		19DF51661FD4633D004589A7 /* GTMSessionFetcherTVTests.swift */ = {isa = PBXFileReference; lastKnownFileType = sourcecode.swift; path = GTMSessionFetcherTVTests.swift; sourceTree = "<group>"; };
		19DF51681FD4633D004589A7 /* Info.plist */ = {isa = PBXFileReference; lastKnownFileType = text.plist.xml; path = Info.plist; sourceTree = "<group>"; };
		19DF51751FD46366004589A7 /* GTMSessionFetcher.framework */ = {isa = PBXFileReference; explicitFileType = wrapper.framework; includeInIndex = 0; path = GTMSessionFetcher.framework; sourceTree = BUILT_PRODUCTS_DIR; };
		19DF51831FD464B0004589A7 /* GTMSessionFetcherIOS.h */ = {isa = PBXFileReference; fileEncoding = 4; lastKnownFileType = sourcecode.c.h; name = GTMSessionFetcherIOS.h; path = ../../Source/GTMSessionFetcherIOS/GTMSessionFetcherIOS.h; sourceTree = "<group>"; };
		19DF51841FD464B0004589A7 /* Info.plist */ = {isa = PBXFileReference; fileEncoding = 4; lastKnownFileType = text.plist.xml; name = Info.plist; path = ../../Source/GTMSessionFetcherIOS/Info.plist; sourceTree = "<group>"; };
		19DF51871FD46561004589A7 /* Info.plist */ = {isa = PBXFileReference; fileEncoding = 4; lastKnownFileType = text.plist.xml; name = Info.plist; path = ../../Source/GTMSessionFetcherOSX/Info.plist; sourceTree = "<group>"; };
		19DF51881FD46561004589A7 /* GTMSessionFetcherOSX.h */ = {isa = PBXFileReference; fileEncoding = 4; lastKnownFileType = sourcecode.c.h; name = GTMSessionFetcherOSX.h; path = ../../Source/GTMSessionFetcherOSX/GTMSessionFetcherOSX.h; sourceTree = "<group>"; };
		19DF518B1FD46572004589A7 /* GTMSessionFetchertvOS.h */ = {isa = PBXFileReference; fileEncoding = 4; lastKnownFileType = sourcecode.c.h; name = GTMSessionFetchertvOS.h; path = ../../Source/GTMSessionFetchertvOS/GTMSessionFetchertvOS.h; sourceTree = "<group>"; };
		19DF518C1FD46572004589A7 /* Info.plist */ = {isa = PBXFileReference; fileEncoding = 4; lastKnownFileType = text.plist.xml; name = Info.plist; path = ../../Source/GTMSessionFetchertvOS/Info.plist; sourceTree = "<group>"; };
		19DF518F1FD46580004589A7 /* GTMSessionFetcherwatchOS.h */ = {isa = PBXFileReference; fileEncoding = 4; lastKnownFileType = sourcecode.c.h; name = GTMSessionFetcherwatchOS.h; path = ../../Source/GTMSessionFetcherwatchOS/GTMSessionFetcherwatchOS.h; sourceTree = "<group>"; };
		19DF51901FD46580004589A7 /* Info.plist */ = {isa = PBXFileReference; fileEncoding = 4; lastKnownFileType = text.plist.xml; name = Info.plist; path = ../../Source/GTMSessionFetcherwatchOS/Info.plist; sourceTree = "<group>"; };
/* End PBXFileReference section */

/* Begin PBXFrameworksBuildPhase section */
		19DF50891FD462B5004589A7 /* Frameworks */ = {
			isa = PBXFrameworksBuildPhase;
			buildActionMask = 2147483647;
			files = (
				19DF51961FD465E0004589A7 /* GTMSessionFetcherIOS.framework in Frameworks */,
			);
			runOnlyForDeploymentPostprocessing = 0;
		};
		19DF50931FD462B5004589A7 /* Frameworks */ = {
			isa = PBXFrameworksBuildPhase;
			buildActionMask = 2147483647;
			files = (
				19DF50971FD462B5004589A7 /* GTMSessionFetcher.framework in Frameworks */,
			);
			runOnlyForDeploymentPostprocessing = 0;
		};
		19DF51391FD46328004589A7 /* Frameworks */ = {
			isa = PBXFrameworksBuildPhase;
			buildActionMask = 2147483647;
			files = (
				19DF51991FD465ED004589A7 /* GTMSessionFetcherOSX.framework in Frameworks */,
			);
			runOnlyForDeploymentPostprocessing = 0;
		};
		19DF51421FD46328004589A7 /* Frameworks */ = {
			isa = PBXFrameworksBuildPhase;
			buildActionMask = 2147483647;
			files = (
				19DF51461FD46328004589A7 /* GTMSessionFetcher.framework in Frameworks */,
			);
			runOnlyForDeploymentPostprocessing = 0;
		};
		19DF51551FD4633D004589A7 /* Frameworks */ = {
			isa = PBXFrameworksBuildPhase;
			buildActionMask = 2147483647;
			files = (
				19DF519C1FD465FC004589A7 /* GTMSessionFetchertvOS.framework in Frameworks */,
			);
			runOnlyForDeploymentPostprocessing = 0;
		};
		19DF515E1FD4633D004589A7 /* Frameworks */ = {
			isa = PBXFrameworksBuildPhase;
			buildActionMask = 2147483647;
			files = (
				19DF51621FD4633D004589A7 /* GTMSessionFetcher.framework in Frameworks */,
			);
			runOnlyForDeploymentPostprocessing = 0;
		};
		19DF51711FD46366004589A7 /* Frameworks */ = {
			isa = PBXFrameworksBuildPhase;
			buildActionMask = 2147483647;
			files = (
				19DF519F1FD46607004589A7 /* GTMSessionFetcherwatchOS.framework in Frameworks */,
			);
			runOnlyForDeploymentPostprocessing = 0;
		};
/* End PBXFrameworksBuildPhase section */

/* Begin PBXGroup section */
		19DF50831FD462B5004589A7 = {
			isa = PBXGroup;
			children = (
				19DF50A71FD462F6004589A7 /* Source */,
				19DF508F1FD462B5004589A7 /* GTMSessionFetcheriOS */,
				19DF509A1FD462B5004589A7 /* GTMSessionFetcherTests */,
				19DF513E1FD46328004589A7 /* GTMSessionFetcherOSX */,
				19DF51491FD46328004589A7 /* GTMSessionFetcherOSXTests */,
				19DF515A1FD4633D004589A7 /* GTMSessionFetchertvOS */,
				19DF51651FD4633D004589A7 /* GTMSessionFetchertvOSTests */,
				19DF51761FD46366004589A7 /* GTMSessionFetcherwatchOS */,
				19DF508E1FD462B5004589A7 /* Products */,
				19DF51951FD465E0004589A7 /* Frameworks */,
			);
			sourceTree = "<group>";
		};
		19DF508E1FD462B5004589A7 /* Products */ = {
			isa = PBXGroup;
			children = (
				19DF508D1FD462B5004589A7 /* GTMSessionFetcher.framework */,
				19DF50961FD462B5004589A7 /* GTMSessionFetcheriOSTests.xctest */,
				19DF513D1FD46328004589A7 /* GTMSessionFetcher.framework */,
				19DF51451FD46328004589A7 /* GTMSessionFetcherOSXTests.xctest */,
				19DF51591FD4633D004589A7 /* GTMSessionFetcher.framework */,
				19DF51611FD4633D004589A7 /* GTMSessionFetchertvOSTests.xctest */,
				19DF51751FD46366004589A7 /* GTMSessionFetcher.framework */,
			);
			name = Products;
			sourceTree = "<group>";
		};
		19DF508F1FD462B5004589A7 /* GTMSessionFetcheriOS */ = {
			isa = PBXGroup;
			children = (
				19DF51831FD464B0004589A7 /* GTMSessionFetcherIOS.h */,
				19DF51841FD464B0004589A7 /* Info.plist */,
			);
			path = GTMSessionFetcheriOS;
			sourceTree = "<group>";
		};
		19DF509A1FD462B5004589A7 /* GTMSessionFetcherTests */ = {
			isa = PBXGroup;
			children = (
				19DF509B1FD462B5004589A7 /* GTMSessionFetcherTests.swift */,
				19DF509D1FD462B5004589A7 /* Info.plist */,
			);
			path = GTMSessionFetcherTests;
			sourceTree = "<group>";
		};
		19DF50A71FD462F6004589A7 /* Source */ = {
			isa = PBXGroup;
			children = (
				19DF50A81FD462F6004589A7 /* GTMGatherInputStream.m */,
				19DF50A91FD462F6004589A7 /* GTMSessionFetcherLogging.m */,
				19DF50E21FD462F6004589A7 /* GTMSessionFetcherLogViewController.h */,
				19DF50BD1FD462F6004589A7 /* GTMSessionFetcherLogViewController.m */,
				19DF50BE1FD462F6004589A7 /* GTMMIMEDocument.h */,
				19DF50C21FD462F6004589A7 /* GTMSessionFetcher.h */,
				19DF50C31FD462F6004589A7 /* GTMSessionUploadFetcher.h */,
				19DF50C41FD462F6004589A7 /* GTMReadMonitorInputStream.m */,
				19DF50C51FD462F6004589A7 /* GTMSessionFetcherCore.xcodeproj */,
				19DF50DA1FD462F6004589A7 /* GTMSessionFetcherService.m */,
				19DF50DE1FD462F6004589A7 /* GTMGatherInputStream.h */,
				19DF50E31FD462F6004589A7 /* GTMSessionFetcherLogging.h */,
				19DF50E41FD462F6004589A7 /* GTMReadMonitorInputStream.h */,
				19DF50E51FD462F6004589A7 /* GTMSessionFetcher.m */,
				19DF50E61FD462F6004589A7 /* GTMSessionUploadFetcher.m */,
				19DF50E71FD462F6004589A7 /* GTMMIMEDocument.m */,
				19DF50E81FD462F6004589A7 /* GTMSessionFetcherService.h */,
			);
			name = Source;
			path = ../Source;
			sourceTree = "<group>";
		};
		19DF50C61FD462F6004589A7 /* Products */ = {
			isa = PBXGroup;
			children = (
				19DF50F31FD462F6004589A7 /* GTMSessionFetcherOSX.framework */,
				19DF50F51FD462F6004589A7 /* FetcherOSXTestApp.app */,
				19DF50F71FD462F6004589A7 /* FetcherMacTests.xctest */,
				19DF50F91FD462F6004589A7 /* GTMSessionFetcherIOS.framework */,
				19DF50FB1FD462F6004589A7 /* FetcheriOSTestApp.app */,
				19DF50FD1FD462F6004589A7 /* FetcheriOSTests.xctest */,
				19DF50FF1FD462F6004589A7 /* GTMSessionFetchertvOS.framework */,
				19DF51011FD462F6004589A7 /* FetchertvOSTests.xctest */,
				19DF51031FD462F6004589A7 /* GTMSessionFetcherwatchOS.framework */,
			);
			name = Products;
			sourceTree = "<group>";
		};
		19DF513E1FD46328004589A7 /* GTMSessionFetcherOSX */ = {
			isa = PBXGroup;
			children = (
				19DF51881FD46561004589A7 /* GTMSessionFetcherOSX.h */,
				19DF51871FD46561004589A7 /* Info.plist */,
			);
			path = GTMSessionFetcherOSX;
			sourceTree = "<group>";
		};
		19DF51491FD46328004589A7 /* GTMSessionFetcherOSXTests */ = {
			isa = PBXGroup;
			children = (
				19DF514A1FD46328004589A7 /* GTMSessionFetcherOSXTests.swift */,
				19DF514C1FD46328004589A7 /* Info.plist */,
			);
			path = GTMSessionFetcherOSXTests;
			sourceTree = "<group>";
		};
		19DF515A1FD4633D004589A7 /* GTMSessionFetchertvOS */ = {
			isa = PBXGroup;
			children = (
				19DF518B1FD46572004589A7 /* GTMSessionFetchertvOS.h */,
				19DF518C1FD46572004589A7 /* Info.plist */,
			);
			path = GTMSessionFetchertvOS;
			sourceTree = "<group>";
		};
		19DF51651FD4633D004589A7 /* GTMSessionFetchertvOSTests */ = {
			isa = PBXGroup;
			children = (
				19DF51661FD4633D004589A7 /* GTMSessionFetcherTVTests.swift */,
				19DF51681FD4633D004589A7 /* Info.plist */,
			);
			path = GTMSessionFetchertvOSTests;
			sourceTree = "<group>";
		};
		19DF51761FD46366004589A7 /* GTMSessionFetcherwatchOS */ = {
			isa = PBXGroup;
			children = (
				19DF518F1FD46580004589A7 /* GTMSessionFetcherwatchOS.h */,
				19DF51901FD46580004589A7 /* Info.plist */,
			);
			path = GTMSessionFetcherwatchOS;
			sourceTree = "<group>";
		};
		19DF51951FD465E0004589A7 /* Frameworks */ = {
			isa = PBXGroup;
			children = (
			);
			name = Frameworks;
			sourceTree = "<group>";
		};
/* End PBXGroup section */

/* Begin PBXHeadersBuildPhase section */
		19DF508A1FD462B5004589A7 /* Headers */ = {
			isa = PBXHeadersBuildPhase;
			buildActionMask = 2147483647;
			files = (
				19DF51191FD462F6004589A7 /* GTMSessionFetcher.h in Headers */,
				19DF511A1FD462F6004589A7 /* GTMSessionUploadFetcher.h in Headers */,
				19DF512E1FD462F7004589A7 /* GTMGatherInputStream.h in Headers */,
				19DF51161FD462F6004589A7 /* GTMMIMEDocument.h in Headers */,
				19DF51371FD462F7004589A7 /* GTMSessionFetcherService.h in Headers */,
				19DF51851FD464B0004589A7 /* GTMSessionFetcherIOS.h in Headers */,
				19DF51311FD462F7004589A7 /* GTMSessionFetcherLogViewController.h in Headers */,
				19DF51321FD462F7004589A7 /* GTMSessionFetcherLogging.h in Headers */,
				19DF51331FD462F7004589A7 /* GTMReadMonitorInputStream.h in Headers */,
			);
			runOnlyForDeploymentPostprocessing = 0;
		};
		19DF513A1FD46328004589A7 /* Headers */ = {
			isa = PBXHeadersBuildPhase;
			buildActionMask = 2147483647;
			files = (
				19DF51A51FD4663B004589A7 /* GTMMIMEDocument.h in Headers */,
				19DF51AD1FD4663B004589A7 /* GTMReadMonitorInputStream.h in Headers */,
				19DF51A71FD4663B004589A7 /* GTMSessionUploadFetcher.h in Headers */,
				19DF51AC1FD4663B004589A7 /* GTMSessionFetcherLogging.h in Headers */,
				19DF51B11FD4663B004589A7 /* GTMSessionFetcherService.h in Headers */,
				19DF51AA1FD4663B004589A7 /* GTMGatherInputStream.h in Headers */,
				19DF518A1FD46561004589A7 /* GTMSessionFetcherOSX.h in Headers */,
				19DF51A61FD4663B004589A7 /* GTMSessionFetcher.h in Headers */,
			);
			runOnlyForDeploymentPostprocessing = 0;
		};
		19DF51561FD4633D004589A7 /* Headers */ = {
			isa = PBXHeadersBuildPhase;
			buildActionMask = 2147483647;
			files = (
				19DF51B41FD4663B004589A7 /* GTMMIMEDocument.h in Headers */,
				19DF51BC1FD4663B004589A7 /* GTMReadMonitorInputStream.h in Headers */,
				19DF51B61FD4663B004589A7 /* GTMSessionUploadFetcher.h in Headers */,
				19DF51BB1FD4663B004589A7 /* GTMSessionFetcherLogging.h in Headers */,
				19DF51C01FD4663B004589A7 /* GTMSessionFetcherService.h in Headers */,
				19DF51B91FD4663B004589A7 /* GTMGatherInputStream.h in Headers */,
				19DF518D1FD46572004589A7 /* GTMSessionFetchertvOS.h in Headers */,
				19DF51B51FD4663B004589A7 /* GTMSessionFetcher.h in Headers */,
			);
			runOnlyForDeploymentPostprocessing = 0;
		};
		19DF51721FD46366004589A7 /* Headers */ = {
			isa = PBXHeadersBuildPhase;
			buildActionMask = 2147483647;
			files = (
				19DF51C31FD4663C004589A7 /* GTMMIMEDocument.h in Headers */,
				19DF51CB1FD4663C004589A7 /* GTMReadMonitorInputStream.h in Headers */,
				19DF51C51FD4663C004589A7 /* GTMSessionUploadFetcher.h in Headers */,
				19DF51CA1FD4663C004589A7 /* GTMSessionFetcherLogging.h in Headers */,
				19DF51CF1FD4663C004589A7 /* GTMSessionFetcherService.h in Headers */,
				19DF51C81FD4663C004589A7 /* GTMGatherInputStream.h in Headers */,
				19DF51911FD46580004589A7 /* GTMSessionFetcherwatchOS.h in Headers */,
				19DF51C41FD4663C004589A7 /* GTMSessionFetcher.h in Headers */,
			);
			runOnlyForDeploymentPostprocessing = 0;
		};
/* End PBXHeadersBuildPhase section */

/* Begin PBXNativeTarget section */
		19DF508C1FD462B5004589A7 /* GTMSessionFetcheriOS */ = {
			isa = PBXNativeTarget;
			buildConfigurationList = 19DF50A11FD462B5004589A7 /* Build configuration list for PBXNativeTarget "GTMSessionFetcheriOS" */;
			buildPhases = (
				19DF50881FD462B5004589A7 /* Sources */,
				19DF50891FD462B5004589A7 /* Frameworks */,
				19DF508A1FD462B5004589A7 /* Headers */,
				19DF508B1FD462B5004589A7 /* Resources */,
			);
			buildRules = (
			);
			dependencies = (
				19DF51941FD465C6004589A7 /* PBXTargetDependency */,
			);
			name = GTMSessionFetcheriOS;
			productName = GTMSessionFetcher;
			productReference = 19DF508D1FD462B5004589A7 /* GTMSessionFetcher.framework */;
			productType = "com.apple.product-type.framework";
		};
		19DF50951FD462B5004589A7 /* GTMSessionFetcheriOSTests */ = {
			isa = PBXNativeTarget;
			buildConfigurationList = 19DF50A41FD462B5004589A7 /* Build configuration list for PBXNativeTarget "GTMSessionFetcheriOSTests" */;
			buildPhases = (
				19DF50921FD462B5004589A7 /* Sources */,
				19DF50931FD462B5004589A7 /* Frameworks */,
				19DF50941FD462B5004589A7 /* Resources */,
			);
			buildRules = (
			);
			dependencies = (
				19DF50991FD462B5004589A7 /* PBXTargetDependency */,
			);
			name = GTMSessionFetcheriOSTests;
			productName = GTMSessionFetcherTests;
			productReference = 19DF50961FD462B5004589A7 /* GTMSessionFetcheriOSTests.xctest */;
			productType = "com.apple.product-type.bundle.unit-test";
		};
		19DF513C1FD46328004589A7 /* GTMSessionFetcherOSX */ = {
			isa = PBXNativeTarget;
			buildConfigurationList = 19DF514E1FD46328004589A7 /* Build configuration list for PBXNativeTarget "GTMSessionFetcherOSX" */;
			buildPhases = (
				19DF51381FD46328004589A7 /* Sources */,
				19DF51391FD46328004589A7 /* Frameworks */,
				19DF513A1FD46328004589A7 /* Headers */,
				19DF513B1FD46328004589A7 /* Resources */,
			);
			buildRules = (
			);
			dependencies = (
				19DF51981FD465E8004589A7 /* PBXTargetDependency */,
			);
			name = GTMSessionFetcherOSX;
			productName = GTMSessionFetcherOSX;
			productReference = 19DF513D1FD46328004589A7 /* GTMSessionFetcher.framework */;
			productType = "com.apple.product-type.framework";
		};
		19DF51441FD46328004589A7 /* GTMSessionFetcherOSXTests */ = {
			isa = PBXNativeTarget;
			buildConfigurationList = 19DF51511FD46328004589A7 /* Build configuration list for PBXNativeTarget "GTMSessionFetcherOSXTests" */;
			buildPhases = (
				19DF51411FD46328004589A7 /* Sources */,
				19DF51421FD46328004589A7 /* Frameworks */,
				19DF51431FD46328004589A7 /* Resources */,
			);
			buildRules = (
			);
			dependencies = (
				19DF51481FD46328004589A7 /* PBXTargetDependency */,
			);
			name = GTMSessionFetcherOSXTests;
			productName = GTMSessionFetcherOSXTests;
			productReference = 19DF51451FD46328004589A7 /* GTMSessionFetcherOSXTests.xctest */;
			productType = "com.apple.product-type.bundle.unit-test";
		};
		19DF51581FD4633D004589A7 /* GTMSessionFetchertvOS */ = {
			isa = PBXNativeTarget;
			buildConfigurationList = 19DF516A1FD4633D004589A7 /* Build configuration list for PBXNativeTarget "GTMSessionFetchertvOS" */;
			buildPhases = (
				19DF51541FD4633D004589A7 /* Sources */,
				19DF51551FD4633D004589A7 /* Frameworks */,
				19DF51561FD4633D004589A7 /* Headers */,
				19DF51571FD4633D004589A7 /* Resources */,
			);
			buildRules = (
			);
			dependencies = (
				19DF519B1FD465F3004589A7 /* PBXTargetDependency */,
			);
			name = GTMSessionFetchertvOS;
			productName = GTMSessionFetcherTV;
			productReference = 19DF51591FD4633D004589A7 /* GTMSessionFetcher.framework */;
			productType = "com.apple.product-type.framework";
		};
		19DF51601FD4633D004589A7 /* GTMSessionFetchertvOSTests */ = {
			isa = PBXNativeTarget;
			buildConfigurationList = 19DF516D1FD4633D004589A7 /* Build configuration list for PBXNativeTarget "GTMSessionFetchertvOSTests" */;
			buildPhases = (
				19DF515D1FD4633D004589A7 /* Sources */,
				19DF515E1FD4633D004589A7 /* Frameworks */,
				19DF515F1FD4633D004589A7 /* Resources */,
			);
			buildRules = (
			);
			dependencies = (
				19DF51641FD4633D004589A7 /* PBXTargetDependency */,
			);
			name = GTMSessionFetchertvOSTests;
			productName = GTMSessionFetcherTVTests;
			productReference = 19DF51611FD4633D004589A7 /* GTMSessionFetchertvOSTests.xctest */;
			productType = "com.apple.product-type.bundle.unit-test";
		};
		19DF51741FD46366004589A7 /* GTMSessionFetcherwatchOS */ = {
			isa = PBXNativeTarget;
			buildConfigurationList = 19DF517A1FD46366004589A7 /* Build configuration list for PBXNativeTarget "GTMSessionFetcherwatchOS" */;
			buildPhases = (
				19DF51701FD46366004589A7 /* Sources */,
				19DF51711FD46366004589A7 /* Frameworks */,
				19DF51721FD46366004589A7 /* Headers */,
				19DF51731FD46366004589A7 /* Resources */,
			);
			buildRules = (
			);
			dependencies = (
				19DF519E1FD46602004589A7 /* PBXTargetDependency */,
			);
			name = GTMSessionFetcherwatchOS;
			productName = GTMSessionFetcherWatch;
			productReference = 19DF51751FD46366004589A7 /* GTMSessionFetcher.framework */;
			productType = "com.apple.product-type.framework";
		};
/* End PBXNativeTarget section */

/* Begin PBXProject section */
		19DF50841FD462B5004589A7 /* Project object */ = {
			isa = PBXProject;
			attributes = {
				LastSwiftUpdateCheck = 0910;
				LastUpgradeCheck = 0910;
				ORGANIZATIONNAME = Google;
				TargetAttributes = {
					19DF508C1FD462B5004589A7 = {
						CreatedOnToolsVersion = 9.1;
						ProvisioningStyle = Automatic;
					};
					19DF50951FD462B5004589A7 = {
						CreatedOnToolsVersion = 9.1;
						ProvisioningStyle = Automatic;
					};
					19DF513C1FD46328004589A7 = {
						CreatedOnToolsVersion = 9.1;
						ProvisioningStyle = Automatic;
					};
					19DF51441FD46328004589A7 = {
						CreatedOnToolsVersion = 9.1;
						ProvisioningStyle = Automatic;
					};
					19DF51581FD4633D004589A7 = {
						CreatedOnToolsVersion = 9.1;
						ProvisioningStyle = Automatic;
					};
					19DF51601FD4633D004589A7 = {
						CreatedOnToolsVersion = 9.1;
						ProvisioningStyle = Automatic;
					};
					19DF51741FD46366004589A7 = {
						CreatedOnToolsVersion = 9.1;
						ProvisioningStyle = Automatic;
					};
				};
			};
			buildConfigurationList = 19DF50871FD462B5004589A7 /* Build configuration list for PBXProject "GTMSessionFetcher" */;
			compatibilityVersion = "Xcode 8.0";
			developmentRegion = en;
			hasScannedForEncodings = 0;
			knownRegions = (
				en,
			);
			mainGroup = 19DF50831FD462B5004589A7;
			productRefGroup = 19DF508E1FD462B5004589A7 /* Products */;
			projectDirPath = "";
			projectReferences = (
				{
					ProductGroup = 19DF50C61FD462F6004589A7 /* Products */;
					ProjectRef = 19DF50C51FD462F6004589A7 /* GTMSessionFetcherCore.xcodeproj */;
				},
			);
			projectRoot = "";
			targets = (
				19DF508C1FD462B5004589A7 /* GTMSessionFetcheriOS */,
				19DF50951FD462B5004589A7 /* GTMSessionFetcheriOSTests */,
				19DF513C1FD46328004589A7 /* GTMSessionFetcherOSX */,
				19DF51441FD46328004589A7 /* GTMSessionFetcherOSXTests */,
				19DF51581FD4633D004589A7 /* GTMSessionFetchertvOS */,
				19DF51601FD4633D004589A7 /* GTMSessionFetchertvOSTests */,
				19DF51741FD46366004589A7 /* GTMSessionFetcherwatchOS */,
			);
		};
/* End PBXProject section */

/* Begin PBXReferenceProxy section */
		19DF50F31FD462F6004589A7 /* GTMSessionFetcherOSX.framework */ = {
			isa = PBXReferenceProxy;
			fileType = wrapper.framework;
			path = GTMSessionFetcherOSX.framework;
			remoteRef = 19DF50F21FD462F6004589A7 /* PBXContainerItemProxy */;
			sourceTree = BUILT_PRODUCTS_DIR;
		};
		19DF50F51FD462F6004589A7 /* FetcherOSXTestApp.app */ = {
			isa = PBXReferenceProxy;
			fileType = wrapper.application;
			path = FetcherOSXTestApp.app;
			remoteRef = 19DF50F41FD462F6004589A7 /* PBXContainerItemProxy */;
			sourceTree = BUILT_PRODUCTS_DIR;
		};
		19DF50F71FD462F6004589A7 /* FetcherMacTests.xctest */ = {
			isa = PBXReferenceProxy;
			fileType = wrapper.cfbundle;
			path = FetcherMacTests.xctest;
			remoteRef = 19DF50F61FD462F6004589A7 /* PBXContainerItemProxy */;
			sourceTree = BUILT_PRODUCTS_DIR;
		};
		19DF50F91FD462F6004589A7 /* GTMSessionFetcherIOS.framework */ = {
			isa = PBXReferenceProxy;
			fileType = wrapper.framework;
			path = GTMSessionFetcherIOS.framework;
			remoteRef = 19DF50F81FD462F6004589A7 /* PBXContainerItemProxy */;
			sourceTree = BUILT_PRODUCTS_DIR;
		};
		19DF50FB1FD462F6004589A7 /* FetcheriOSTestApp.app */ = {
			isa = PBXReferenceProxy;
			fileType = wrapper.application;
			path = FetcheriOSTestApp.app;
			remoteRef = 19DF50FA1FD462F6004589A7 /* PBXContainerItemProxy */;
			sourceTree = BUILT_PRODUCTS_DIR;
		};
		19DF50FD1FD462F6004589A7 /* FetcheriOSTests.xctest */ = {
			isa = PBXReferenceProxy;
			fileType = wrapper.cfbundle;
			path = FetcheriOSTests.xctest;
			remoteRef = 19DF50FC1FD462F6004589A7 /* PBXContainerItemProxy */;
			sourceTree = BUILT_PRODUCTS_DIR;
		};
		19DF50FF1FD462F6004589A7 /* GTMSessionFetchertvOS.framework */ = {
			isa = PBXReferenceProxy;
			fileType = wrapper.framework;
			path = GTMSessionFetchertvOS.framework;
			remoteRef = 19DF50FE1FD462F6004589A7 /* PBXContainerItemProxy */;
			sourceTree = BUILT_PRODUCTS_DIR;
		};
		19DF51011FD462F6004589A7 /* FetchertvOSTests.xctest */ = {
			isa = PBXReferenceProxy;
			fileType = wrapper.cfbundle;
			path = FetchertvOSTests.xctest;
			remoteRef = 19DF51001FD462F6004589A7 /* PBXContainerItemProxy */;
			sourceTree = BUILT_PRODUCTS_DIR;
		};
		19DF51031FD462F6004589A7 /* GTMSessionFetcherwatchOS.framework */ = {
			isa = PBXReferenceProxy;
			fileType = wrapper.framework;
			path = GTMSessionFetcherwatchOS.framework;
			remoteRef = 19DF51021FD462F6004589A7 /* PBXContainerItemProxy */;
			sourceTree = BUILT_PRODUCTS_DIR;
		};
/* End PBXReferenceProxy section */

/* Begin PBXResourcesBuildPhase section */
		19DF508B1FD462B5004589A7 /* Resources */ = {
			isa = PBXResourcesBuildPhase;
			buildActionMask = 2147483647;
			files = (
				19DF51861FD464B0004589A7 /* Info.plist in Resources */,
			);
			runOnlyForDeploymentPostprocessing = 0;
		};
		19DF50941FD462B5004589A7 /* Resources */ = {
			isa = PBXResourcesBuildPhase;
			buildActionMask = 2147483647;
			files = (
			);
			runOnlyForDeploymentPostprocessing = 0;
		};
		19DF513B1FD46328004589A7 /* Resources */ = {
			isa = PBXResourcesBuildPhase;
			buildActionMask = 2147483647;
			files = (
				19DF51891FD46561004589A7 /* Info.plist in Resources */,
			);
			runOnlyForDeploymentPostprocessing = 0;
		};
		19DF51431FD46328004589A7 /* Resources */ = {
			isa = PBXResourcesBuildPhase;
			buildActionMask = 2147483647;
			files = (
			);
			runOnlyForDeploymentPostprocessing = 0;
		};
		19DF51571FD4633D004589A7 /* Resources */ = {
			isa = PBXResourcesBuildPhase;
			buildActionMask = 2147483647;
			files = (
				19DF518E1FD46572004589A7 /* Info.plist in Resources */,
			);
			runOnlyForDeploymentPostprocessing = 0;
		};
		19DF515F1FD4633D004589A7 /* Resources */ = {
			isa = PBXResourcesBuildPhase;
			buildActionMask = 2147483647;
			files = (
			);
			runOnlyForDeploymentPostprocessing = 0;
		};
		19DF51731FD46366004589A7 /* Resources */ = {
			isa = PBXResourcesBuildPhase;
			buildActionMask = 2147483647;
			files = (
				19DF51921FD46580004589A7 /* Info.plist in Resources */,
			);
			runOnlyForDeploymentPostprocessing = 0;
		};
/* End PBXResourcesBuildPhase section */

/* Begin PBXSourcesBuildPhase section */
		19DF50881FD462B5004589A7 /* Sources */ = {
			isa = PBXSourcesBuildPhase;
			buildActionMask = 2147483647;
			files = (
				19DF512B1FD462F7004589A7 /* GTMSessionFetcherService.m in Sources */,
				19DF51041FD462F6004589A7 /* GTMGatherInputStream.m in Sources */,
				19DF51051FD462F6004589A7 /* GTMSessionFetcherLogging.m in Sources */,
				19DF51151FD462F6004589A7 /* GTMSessionFetcherLogViewController.m in Sources */,
				19DF51341FD462F7004589A7 /* GTMSessionFetcher.m in Sources */,
				19DF51361FD462F7004589A7 /* GTMMIMEDocument.m in Sources */,
				19DF511B1FD462F6004589A7 /* GTMReadMonitorInputStream.m in Sources */,
				19DF51351FD462F7004589A7 /* GTMSessionUploadFetcher.m in Sources */,
			);
			runOnlyForDeploymentPostprocessing = 0;
		};
		19DF50921FD462B5004589A7 /* Sources */ = {
			isa = PBXSourcesBuildPhase;
			buildActionMask = 2147483647;
			files = (
				19DF509C1FD462B5004589A7 /* GTMSessionFetcherTests.swift in Sources */,
			);
			runOnlyForDeploymentPostprocessing = 0;
		};
		19DF51381FD46328004589A7 /* Sources */ = {
			isa = PBXSourcesBuildPhase;
			buildActionMask = 2147483647;
			files = (
				19DF51A91FD4663B004589A7 /* GTMSessionFetcherService.m in Sources */,
				19DF51A01FD4662B004589A7 /* GTMGatherInputStream.m in Sources */,
				19DF51B01FD4663B004589A7 /* GTMMIMEDocument.m in Sources */,
				19DF51A81FD4663B004589A7 /* GTMReadMonitorInputStream.m in Sources */,
				19DF51A31FD4663B004589A7 /* GTMSessionFetcherLogging.m in Sources */,
				19DF51AF1FD4663B004589A7 /* GTMSessionUploadFetcher.m in Sources */,
				19DF51AE1FD4663B004589A7 /* GTMSessionFetcher.m in Sources */,
			);
			runOnlyForDeploymentPostprocessing = 0;
		};
		19DF51411FD46328004589A7 /* Sources */ = {
			isa = PBXSourcesBuildPhase;
			buildActionMask = 2147483647;
			files = (
				19DF514B1FD46328004589A7 /* GTMSessionFetcherOSXTests.swift in Sources */,
			);
			runOnlyForDeploymentPostprocessing = 0;
		};
		19DF51541FD4633D004589A7 /* Sources */ = {
			isa = PBXSourcesBuildPhase;
			buildActionMask = 2147483647;
			files = (
				19DF51B81FD4663B004589A7 /* GTMSessionFetcherService.m in Sources */,
				19DF51A11FD4662C004589A7 /* GTMGatherInputStream.m in Sources */,
				19DF51BF1FD4663B004589A7 /* GTMMIMEDocument.m in Sources */,
				19DF51B71FD4663B004589A7 /* GTMReadMonitorInputStream.m in Sources */,
				19DF51B21FD4663B004589A7 /* GTMSessionFetcherLogging.m in Sources */,
				19DF51BE1FD4663B004589A7 /* GTMSessionUploadFetcher.m in Sources */,
				19DF51BD1FD4663B004589A7 /* GTMSessionFetcher.m in Sources */,
			);
			runOnlyForDeploymentPostprocessing = 0;
		};
		19DF515D1FD4633D004589A7 /* Sources */ = {
			isa = PBXSourcesBuildPhase;
			buildActionMask = 2147483647;
			files = (
				19DF51671FD4633D004589A7 /* GTMSessionFetcherTVTests.swift in Sources */,
			);
			runOnlyForDeploymentPostprocessing = 0;
		};
		19DF51701FD46366004589A7 /* Sources */ = {
			isa = PBXSourcesBuildPhase;
			buildActionMask = 2147483647;
			files = (
				19DF51C71FD4663C004589A7 /* GTMSessionFetcherService.m in Sources */,
				19DF51A21FD4662C004589A7 /* GTMGatherInputStream.m in Sources */,
				19DF51CE1FD4663C004589A7 /* GTMMIMEDocument.m in Sources */,
				19DF51C61FD4663C004589A7 /* GTMReadMonitorInputStream.m in Sources */,
				19DF51C11FD4663C004589A7 /* GTMSessionFetcherLogging.m in Sources */,
				19DF51CD1FD4663C004589A7 /* GTMSessionUploadFetcher.m in Sources */,
				19DF51CC1FD4663C004589A7 /* GTMSessionFetcher.m in Sources */,
			);
			runOnlyForDeploymentPostprocessing = 0;
		};
/* End PBXSourcesBuildPhase section */

/* Begin PBXTargetDependency section */
		19DF50991FD462B5004589A7 /* PBXTargetDependency */ = {
			isa = PBXTargetDependency;
			target = 19DF508C1FD462B5004589A7 /* GTMSessionFetcheriOS */;
			targetProxy = 19DF50981FD462B5004589A7 /* PBXContainerItemProxy */;
		};
		19DF51481FD46328004589A7 /* PBXTargetDependency */ = {
			isa = PBXTargetDependency;
			target = 19DF513C1FD46328004589A7 /* GTMSessionFetcherOSX */;
			targetProxy = 19DF51471FD46328004589A7 /* PBXContainerItemProxy */;
		};
		19DF51641FD4633D004589A7 /* PBXTargetDependency */ = {
			isa = PBXTargetDependency;
			target = 19DF51581FD4633D004589A7 /* GTMSessionFetchertvOS */;
			targetProxy = 19DF51631FD4633D004589A7 /* PBXContainerItemProxy */;
		};
		19DF51941FD465C6004589A7 /* PBXTargetDependency */ = {
			isa = PBXTargetDependency;
			name = GTMSessionFetcherIOS;
			targetProxy = 19DF51931FD465C6004589A7 /* PBXContainerItemProxy */;
		};
		19DF51981FD465E8004589A7 /* PBXTargetDependency */ = {
			isa = PBXTargetDependency;
			name = GTMSessionFetcherOSX;
			targetProxy = 19DF51971FD465E8004589A7 /* PBXContainerItemProxy */;
		};
		19DF519B1FD465F3004589A7 /* PBXTargetDependency */ = {
			isa = PBXTargetDependency;
			name = GTMSessionFetchertvOS;
			targetProxy = 19DF519A1FD465F3004589A7 /* PBXContainerItemProxy */;
		};
		19DF519E1FD46602004589A7 /* PBXTargetDependency */ = {
			isa = PBXTargetDependency;
			name = GTMSessionFetcherwatchOS;
			targetProxy = 19DF519D1FD46602004589A7 /* PBXContainerItemProxy */;
		};
/* End PBXTargetDependency section */

/* Begin XCBuildConfiguration section */
		19DF509F1FD462B5004589A7 /* Debug */ = {
			isa = XCBuildConfiguration;
			buildSettings = {
				ALWAYS_SEARCH_USER_PATHS = NO;
				CLANG_ANALYZER_NONNULL = YES;
				CLANG_ANALYZER_NUMBER_OBJECT_CONVERSION = YES_AGGRESSIVE;
				CLANG_CXX_LANGUAGE_STANDARD = "gnu++14";
				CLANG_CXX_LIBRARY = "libc++";
				CLANG_ENABLE_MODULES = YES;
				CLANG_ENABLE_OBJC_ARC = YES;
				CLANG_WARN_BLOCK_CAPTURE_AUTORELEASING = YES;
				CLANG_WARN_BOOL_CONVERSION = YES;
				CLANG_WARN_COMMA = YES;
				CLANG_WARN_CONSTANT_CONVERSION = YES;
				CLANG_WARN_DIRECT_OBJC_ISA_USAGE = YES_ERROR;
				CLANG_WARN_DOCUMENTATION_COMMENTS = YES;
				CLANG_WARN_EMPTY_BODY = YES;
				CLANG_WARN_ENUM_CONVERSION = YES;
				CLANG_WARN_INFINITE_RECURSION = YES;
				CLANG_WARN_INT_CONVERSION = YES;
				CLANG_WARN_NON_LITERAL_NULL_CONVERSION = YES;
				CLANG_WARN_OBJC_LITERAL_CONVERSION = YES;
				CLANG_WARN_OBJC_ROOT_CLASS = YES_ERROR;
				CLANG_WARN_RANGE_LOOP_ANALYSIS = YES;
				CLANG_WARN_STRICT_PROTOTYPES = YES;
				CLANG_WARN_SUSPICIOUS_MOVE = YES;
				CLANG_WARN_UNGUARDED_AVAILABILITY = YES_AGGRESSIVE;
				CLANG_WARN_UNREACHABLE_CODE = YES;
				CLANG_WARN__DUPLICATE_METHOD_MATCH = YES;
				CODE_SIGN_IDENTITY = "iPhone Developer";
				COPY_PHASE_STRIP = NO;
				CURRENT_PROJECT_VERSION = 1;
				DEBUG_INFORMATION_FORMAT = dwarf;
				ENABLE_STRICT_OBJC_MSGSEND = YES;
				ENABLE_TESTABILITY = YES;
				GCC_C_LANGUAGE_STANDARD = gnu11;
				GCC_DYNAMIC_NO_PIC = NO;
				GCC_NO_COMMON_BLOCKS = YES;
				GCC_OPTIMIZATION_LEVEL = 0;
				GCC_PREPROCESSOR_DEFINITIONS = (
					"DEBUG=1",
					"$(inherited)",
				);
				GCC_WARN_64_TO_32_BIT_CONVERSION = YES;
				GCC_WARN_ABOUT_RETURN_TYPE = YES_ERROR;
				GCC_WARN_UNDECLARED_SELECTOR = YES;
				GCC_WARN_UNINITIALIZED_AUTOS = YES_AGGRESSIVE;
				GCC_WARN_UNUSED_FUNCTION = YES;
				GCC_WARN_UNUSED_VARIABLE = YES;
				IPHONEOS_DEPLOYMENT_TARGET = 11.1;
				MTL_ENABLE_DEBUG_INFO = YES;
				ONLY_ACTIVE_ARCH = YES;
				SDKROOT = iphoneos;
				SWIFT_ACTIVE_COMPILATION_CONDITIONS = DEBUG;
				SWIFT_OPTIMIZATION_LEVEL = "-Onone";
				VERSIONING_SYSTEM = "apple-generic";
				VERSION_INFO_PREFIX = "";
			};
			name = Debug;
		};
		19DF50A01FD462B5004589A7 /* Release */ = {
			isa = XCBuildConfiguration;
			buildSettings = {
				ALWAYS_SEARCH_USER_PATHS = NO;
				CLANG_ANALYZER_NONNULL = YES;
				CLANG_ANALYZER_NUMBER_OBJECT_CONVERSION = YES_AGGRESSIVE;
				CLANG_CXX_LANGUAGE_STANDARD = "gnu++14";
				CLANG_CXX_LIBRARY = "libc++";
				CLANG_ENABLE_MODULES = YES;
				CLANG_ENABLE_OBJC_ARC = YES;
				CLANG_WARN_BLOCK_CAPTURE_AUTORELEASING = YES;
				CLANG_WARN_BOOL_CONVERSION = YES;
				CLANG_WARN_COMMA = YES;
				CLANG_WARN_CONSTANT_CONVERSION = YES;
				CLANG_WARN_DIRECT_OBJC_ISA_USAGE = YES_ERROR;
				CLANG_WARN_DOCUMENTATION_COMMENTS = YES;
				CLANG_WARN_EMPTY_BODY = YES;
				CLANG_WARN_ENUM_CONVERSION = YES;
				CLANG_WARN_INFINITE_RECURSION = YES;
				CLANG_WARN_INT_CONVERSION = YES;
				CLANG_WARN_NON_LITERAL_NULL_CONVERSION = YES;
				CLANG_WARN_OBJC_LITERAL_CONVERSION = YES;
				CLANG_WARN_OBJC_ROOT_CLASS = YES_ERROR;
				CLANG_WARN_RANGE_LOOP_ANALYSIS = YES;
				CLANG_WARN_STRICT_PROTOTYPES = YES;
				CLANG_WARN_SUSPICIOUS_MOVE = YES;
				CLANG_WARN_UNGUARDED_AVAILABILITY = YES_AGGRESSIVE;
				CLANG_WARN_UNREACHABLE_CODE = YES;
				CLANG_WARN__DUPLICATE_METHOD_MATCH = YES;
				CODE_SIGN_IDENTITY = "iPhone Developer";
				COPY_PHASE_STRIP = NO;
				CURRENT_PROJECT_VERSION = 1;
				DEBUG_INFORMATION_FORMAT = "dwarf-with-dsym";
				ENABLE_NS_ASSERTIONS = NO;
				ENABLE_STRICT_OBJC_MSGSEND = YES;
				GCC_C_LANGUAGE_STANDARD = gnu11;
				GCC_NO_COMMON_BLOCKS = YES;
				GCC_WARN_64_TO_32_BIT_CONVERSION = YES;
				GCC_WARN_ABOUT_RETURN_TYPE = YES_ERROR;
				GCC_WARN_UNDECLARED_SELECTOR = YES;
				GCC_WARN_UNINITIALIZED_AUTOS = YES_AGGRESSIVE;
				GCC_WARN_UNUSED_FUNCTION = YES;
				GCC_WARN_UNUSED_VARIABLE = YES;
				IPHONEOS_DEPLOYMENT_TARGET = 11.1;
				MTL_ENABLE_DEBUG_INFO = NO;
				SDKROOT = iphoneos;
				SWIFT_OPTIMIZATION_LEVEL = "-Owholemodule";
				VALIDATE_PRODUCT = YES;
				VERSIONING_SYSTEM = "apple-generic";
				VERSION_INFO_PREFIX = "";
			};
			name = Release;
		};
		19DF50A21FD462B5004589A7 /* Debug */ = {
			isa = XCBuildConfiguration;
			buildSettings = {
				CODE_SIGN_IDENTITY = "";
				CODE_SIGN_STYLE = Automatic;
				DEFINES_MODULE = YES;
				DYLIB_COMPATIBILITY_VERSION = 1;
				DYLIB_CURRENT_VERSION = 1;
				DYLIB_INSTALL_NAME_BASE = "@rpath";
				INFOPLIST_FILE = ../Source/GTMSessionFetcheriOS/Info.plist;
				INSTALL_PATH = "$(LOCAL_LIBRARY_DIR)/Frameworks";
				IPHONEOS_DEPLOYMENT_TARGET = 8.0;
				LD_RUNPATH_SEARCH_PATHS = "$(inherited) @executable_path/Frameworks @loader_path/Frameworks";
				PRODUCT_BUNDLE_IDENTIFIER = com.google.GTMSessionFetcher;
				PRODUCT_NAME = GTMSessionFetcher;
				SKIP_INSTALL = YES;
				SWIFT_VERSION = 4.0;
				TARGETED_DEVICE_FAMILY = "1,2";
			};
			name = Debug;
		};
		19DF50A31FD462B5004589A7 /* Release */ = {
			isa = XCBuildConfiguration;
			buildSettings = {
				CODE_SIGN_IDENTITY = "";
				CODE_SIGN_STYLE = Automatic;
				DEFINES_MODULE = YES;
				DYLIB_COMPATIBILITY_VERSION = 1;
				DYLIB_CURRENT_VERSION = 1;
				DYLIB_INSTALL_NAME_BASE = "@rpath";
				INFOPLIST_FILE = ../Source/GTMSessionFetcheriOS/Info.plist;
				INSTALL_PATH = "$(LOCAL_LIBRARY_DIR)/Frameworks";
				IPHONEOS_DEPLOYMENT_TARGET = 8.0;
				LD_RUNPATH_SEARCH_PATHS = "$(inherited) @executable_path/Frameworks @loader_path/Frameworks";
				PRODUCT_BUNDLE_IDENTIFIER = com.google.GTMSessionFetcher;
				PRODUCT_NAME = GTMSessionFetcher;
				SKIP_INSTALL = YES;
				SWIFT_VERSION = 4.0;
				TARGETED_DEVICE_FAMILY = "1,2";
			};
			name = Release;
		};
		19DF50A51FD462B5004589A7 /* Debug */ = {
			isa = XCBuildConfiguration;
			buildSettings = {
				CODE_SIGN_STYLE = Automatic;
				INFOPLIST_FILE = GTMSessionFetcherTests/Info.plist;
				LD_RUNPATH_SEARCH_PATHS = "$(inherited) @executable_path/Frameworks @loader_path/Frameworks";
				PRODUCT_BUNDLE_IDENTIFIER = com.google.GTMSessionFetcherTests;
				PRODUCT_NAME = "$(TARGET_NAME)";
				SWIFT_VERSION = 4.0;
				TARGETED_DEVICE_FAMILY = "1,2";
			};
			name = Debug;
		};
		19DF50A61FD462B5004589A7 /* Release */ = {
			isa = XCBuildConfiguration;
			buildSettings = {
				CODE_SIGN_STYLE = Automatic;
				INFOPLIST_FILE = GTMSessionFetcherTests/Info.plist;
				LD_RUNPATH_SEARCH_PATHS = "$(inherited) @executable_path/Frameworks @loader_path/Frameworks";
				PRODUCT_BUNDLE_IDENTIFIER = com.google.GTMSessionFetcherTests;
				PRODUCT_NAME = "$(TARGET_NAME)";
				SWIFT_VERSION = 4.0;
				TARGETED_DEVICE_FAMILY = "1,2";
			};
			name = Release;
		};
		19DF514F1FD46328004589A7 /* Debug */ = {
			isa = XCBuildConfiguration;
			buildSettings = {
				CODE_SIGN_IDENTITY = "-";
				CODE_SIGN_STYLE = Automatic;
				COMBINE_HIDPI_IMAGES = YES;
				DEFINES_MODULE = YES;
				DYLIB_COMPATIBILITY_VERSION = 1;
				DYLIB_CURRENT_VERSION = 1;
				DYLIB_INSTALL_NAME_BASE = "@rpath";
				FRAMEWORK_VERSION = A;
				INFOPLIST_FILE = ../Source/GTMSessionFetcherOSX/Info.plist;
				INSTALL_PATH = "$(LOCAL_LIBRARY_DIR)/Frameworks";
				LD_RUNPATH_SEARCH_PATHS = "$(inherited) @executable_path/../Frameworks @loader_path/Frameworks";
				MACOSX_DEPLOYMENT_TARGET = 10.9;
				PRODUCT_BUNDLE_IDENTIFIER = com.google.GTMSessionFetcherOSX;
				PRODUCT_NAME = GTMSessionFetcher;
				SDKROOT = macosx;
				SKIP_INSTALL = YES;
				SWIFT_VERSION = 4.0;
			};
			name = Debug;
		};
		19DF51501FD46328004589A7 /* Release */ = {
			isa = XCBuildConfiguration;
			buildSettings = {
				CODE_SIGN_IDENTITY = "-";
				CODE_SIGN_STYLE = Automatic;
				COMBINE_HIDPI_IMAGES = YES;
				DEFINES_MODULE = YES;
				DYLIB_COMPATIBILITY_VERSION = 1;
				DYLIB_CURRENT_VERSION = 1;
				DYLIB_INSTALL_NAME_BASE = "@rpath";
				FRAMEWORK_VERSION = A;
				INFOPLIST_FILE = ../Source/GTMSessionFetcherOSX/Info.plist;
				INSTALL_PATH = "$(LOCAL_LIBRARY_DIR)/Frameworks";
				LD_RUNPATH_SEARCH_PATHS = "$(inherited) @executable_path/../Frameworks @loader_path/Frameworks";
				MACOSX_DEPLOYMENT_TARGET = 10.9;
				PRODUCT_BUNDLE_IDENTIFIER = com.google.GTMSessionFetcherOSX;
				PRODUCT_NAME = GTMSessionFetcher;
				SDKROOT = macosx;
				SKIP_INSTALL = YES;
				SWIFT_VERSION = 4.0;
			};
			name = Release;
		};
		19DF51521FD46328004589A7 /* Debug */ = {
			isa = XCBuildConfiguration;
			buildSettings = {
				CODE_SIGN_IDENTITY = "-";
				CODE_SIGN_STYLE = Automatic;
				COMBINE_HIDPI_IMAGES = YES;
				INFOPLIST_FILE = GTMSessionFetcherOSXTests/Info.plist;
				LD_RUNPATH_SEARCH_PATHS = "$(inherited) @executable_path/../Frameworks @loader_path/../Frameworks";
				MACOSX_DEPLOYMENT_TARGET = 10.13;
				PRODUCT_BUNDLE_IDENTIFIER = com.google.GTMSessionFetcherOSXTests;
				PRODUCT_NAME = "$(TARGET_NAME)";
				SDKROOT = macosx;
				SWIFT_VERSION = 4.0;
			};
			name = Debug;
		};
		19DF51531FD46328004589A7 /* Release */ = {
			isa = XCBuildConfiguration;
			buildSettings = {
				CODE_SIGN_IDENTITY = "-";
				CODE_SIGN_STYLE = Automatic;
				COMBINE_HIDPI_IMAGES = YES;
				INFOPLIST_FILE = GTMSessionFetcherOSXTests/Info.plist;
				LD_RUNPATH_SEARCH_PATHS = "$(inherited) @executable_path/../Frameworks @loader_path/../Frameworks";
				MACOSX_DEPLOYMENT_TARGET = 10.13;
				PRODUCT_BUNDLE_IDENTIFIER = com.google.GTMSessionFetcherOSXTests;
				PRODUCT_NAME = "$(TARGET_NAME)";
				SDKROOT = macosx;
				SWIFT_VERSION = 4.0;
			};
			name = Release;
		};
		19DF516B1FD4633D004589A7 /* Debug */ = {
			isa = XCBuildConfiguration;
			buildSettings = {
				CODE_SIGN_IDENTITY = "";
				CODE_SIGN_STYLE = Automatic;
				DEFINES_MODULE = YES;
				DYLIB_COMPATIBILITY_VERSION = 1;
				DYLIB_CURRENT_VERSION = 1;
				DYLIB_INSTALL_NAME_BASE = "@rpath";
				INFOPLIST_FILE = ../Source/GTMSessionFetchertvOS/Info.plist;
				INSTALL_PATH = "$(LOCAL_LIBRARY_DIR)/Frameworks";
				LD_RUNPATH_SEARCH_PATHS = "$(inherited) @executable_path/Frameworks @loader_path/Frameworks";
				PRODUCT_BUNDLE_IDENTIFIER = com.google.GTMSessionFetcherTV;
				PRODUCT_NAME = GTMSessionFetcher;
				SDKROOT = appletvos;
				SKIP_INSTALL = YES;
				SWIFT_VERSION = 4.0;
				TARGETED_DEVICE_FAMILY = 3;
				TVOS_DEPLOYMENT_TARGET = 9.0;
			};
			name = Debug;
		};
		19DF516C1FD4633D004589A7 /* Release */ = {
			isa = XCBuildConfiguration;
			buildSettings = {
				CODE_SIGN_IDENTITY = "";
				CODE_SIGN_STYLE = Automatic;
				DEFINES_MODULE = YES;
				DYLIB_COMPATIBILITY_VERSION = 1;
				DYLIB_CURRENT_VERSION = 1;
				DYLIB_INSTALL_NAME_BASE = "@rpath";
				INFOPLIST_FILE = ../Source/GTMSessionFetchertvOS/Info.plist;
				INSTALL_PATH = "$(LOCAL_LIBRARY_DIR)/Frameworks";
				LD_RUNPATH_SEARCH_PATHS = "$(inherited) @executable_path/Frameworks @loader_path/Frameworks";
				PRODUCT_BUNDLE_IDENTIFIER = com.google.GTMSessionFetcherTV;
				PRODUCT_NAME = GTMSessionFetcher;
				SDKROOT = appletvos;
				SKIP_INSTALL = YES;
				SWIFT_VERSION = 4.0;
				TARGETED_DEVICE_FAMILY = 3;
				TVOS_DEPLOYMENT_TARGET = 9.0;
			};
			name = Release;
		};
		19DF516E1FD4633D004589A7 /* Debug */ = {
			isa = XCBuildConfiguration;
			buildSettings = {
				CODE_SIGN_STYLE = Automatic;
				INFOPLIST_FILE = GTMSessionFetcherTVTests/Info.plist;
				LD_RUNPATH_SEARCH_PATHS = "$(inherited) @executable_path/Frameworks @loader_path/Frameworks";
				PRODUCT_BUNDLE_IDENTIFIER = com.google.GTMSessionFetcherTVTests;
				PRODUCT_NAME = "$(TARGET_NAME)";
				SDKROOT = appletvos;
				SWIFT_VERSION = 4.0;
				TARGETED_DEVICE_FAMILY = 3;
				TVOS_DEPLOYMENT_TARGET = 11.1;
			};
			name = Debug;
		};
		19DF516F1FD4633D004589A7 /* Release */ = {
			isa = XCBuildConfiguration;
			buildSettings = {
				CODE_SIGN_STYLE = Automatic;
				INFOPLIST_FILE = GTMSessionFetcherTVTests/Info.plist;
				LD_RUNPATH_SEARCH_PATHS = "$(inherited) @executable_path/Frameworks @loader_path/Frameworks";
				PRODUCT_BUNDLE_IDENTIFIER = com.google.GTMSessionFetcherTVTests;
				PRODUCT_NAME = "$(TARGET_NAME)";
				SDKROOT = appletvos;
				SWIFT_VERSION = 4.0;
				TARGETED_DEVICE_FAMILY = 3;
				TVOS_DEPLOYMENT_TARGET = 11.1;
			};
			name = Release;
		};
		19DF517B1FD46366004589A7 /* Debug */ = {
			isa = XCBuildConfiguration;
			buildSettings = {
				APPLICATION_EXTENSION_API_ONLY = YES;
				CODE_SIGN_IDENTITY = "";
				CODE_SIGN_STYLE = Automatic;
				DEFINES_MODULE = YES;
				DYLIB_COMPATIBILITY_VERSION = 1;
				DYLIB_CURRENT_VERSION = 1;
				DYLIB_INSTALL_NAME_BASE = "@rpath";
				INFOPLIST_FILE = ../Source/GTMSessionFetcherwatchOS/Info.plist;
				INSTALL_PATH = "$(LOCAL_LIBRARY_DIR)/Frameworks";
				LD_RUNPATH_SEARCH_PATHS = "$(inherited) @executable_path/Frameworks @loader_path/Frameworks";
				PRODUCT_BUNDLE_IDENTIFIER = com.google.GTMSessionFetcherWatch;
				PRODUCT_NAME = GTMSessionFetcher;
				SDKROOT = watchos;
				SKIP_INSTALL = YES;
				SWIFT_VERSION = 4.0;
				TARGETED_DEVICE_FAMILY = 4;
				WATCHOS_DEPLOYMENT_TARGET = 4.1;
			};
			name = Debug;
		};
		19DF517C1FD46366004589A7 /* Release */ = {
			isa = XCBuildConfiguration;
			buildSettings = {
				APPLICATION_EXTENSION_API_ONLY = YES;
				CODE_SIGN_IDENTITY = "";
				CODE_SIGN_STYLE = Automatic;
				DEFINES_MODULE = YES;
				DYLIB_COMPATIBILITY_VERSION = 1;
				DYLIB_CURRENT_VERSION = 1;
				DYLIB_INSTALL_NAME_BASE = "@rpath";
				INFOPLIST_FILE = ../Source/GTMSessionFetcherwatchOS/Info.plist;
				INSTALL_PATH = "$(LOCAL_LIBRARY_DIR)/Frameworks";
				LD_RUNPATH_SEARCH_PATHS = "$(inherited) @executable_path/Frameworks @loader_path/Frameworks";
				PRODUCT_BUNDLE_IDENTIFIER = com.google.GTMSessionFetcherWatch;
				PRODUCT_NAME = GTMSessionFetcher;
				SDKROOT = watchos;
				SKIP_INSTALL = YES;
				SWIFT_VERSION = 4.0;
				TARGETED_DEVICE_FAMILY = 4;
				WATCHOS_DEPLOYMENT_TARGET = 4.1;
			};
			name = Release;
		};
/* End XCBuildConfiguration section */

/* Begin XCConfigurationList section */
		19DF50871FD462B5004589A7 /* Build configuration list for PBXProject "GTMSessionFetcher" */ = {
			isa = XCConfigurationList;
			buildConfigurations = (
				19DF509F1FD462B5004589A7 /* Debug */,
				19DF50A01FD462B5004589A7 /* Release */,
			);
			defaultConfigurationIsVisible = 0;
			defaultConfigurationName = Release;
		};
		19DF50A11FD462B5004589A7 /* Build configuration list for PBXNativeTarget "GTMSessionFetcheriOS" */ = {
			isa = XCConfigurationList;
			buildConfigurations = (
				19DF50A21FD462B5004589A7 /* Debug */,
				19DF50A31FD462B5004589A7 /* Release */,
			);
			defaultConfigurationIsVisible = 0;
			defaultConfigurationName = Release;
		};
		19DF50A41FD462B5004589A7 /* Build configuration list for PBXNativeTarget "GTMSessionFetcheriOSTests" */ = {
			isa = XCConfigurationList;
			buildConfigurations = (
				19DF50A51FD462B5004589A7 /* Debug */,
				19DF50A61FD462B5004589A7 /* Release */,
			);
			defaultConfigurationIsVisible = 0;
			defaultConfigurationName = Release;
		};
		19DF514E1FD46328004589A7 /* Build configuration list for PBXNativeTarget "GTMSessionFetcherOSX" */ = {
			isa = XCConfigurationList;
			buildConfigurations = (
				19DF514F1FD46328004589A7 /* Debug */,
				19DF51501FD46328004589A7 /* Release */,
			);
			defaultConfigurationIsVisible = 0;
			defaultConfigurationName = Release;
		};
		19DF51511FD46328004589A7 /* Build configuration list for PBXNativeTarget "GTMSessionFetcherOSXTests" */ = {
			isa = XCConfigurationList;
			buildConfigurations = (
				19DF51521FD46328004589A7 /* Debug */,
				19DF51531FD46328004589A7 /* Release */,
			);
			defaultConfigurationIsVisible = 0;
			defaultConfigurationName = Release;
		};
		19DF516A1FD4633D004589A7 /* Build configuration list for PBXNativeTarget "GTMSessionFetchertvOS" */ = {
			isa = XCConfigurationList;
			buildConfigurations = (
				19DF516B1FD4633D004589A7 /* Debug */,
				19DF516C1FD4633D004589A7 /* Release */,
			);
			defaultConfigurationIsVisible = 0;
			defaultConfigurationName = Release;
		};
		19DF516D1FD4633D004589A7 /* Build configuration list for PBXNativeTarget "GTMSessionFetchertvOSTests" */ = {
			isa = XCConfigurationList;
			buildConfigurations = (
				19DF516E1FD4633D004589A7 /* Debug */,
				19DF516F1FD4633D004589A7 /* Release */,
			);
			defaultConfigurationIsVisible = 0;
			defaultConfigurationName = Release;
		};
		19DF517A1FD46366004589A7 /* Build configuration list for PBXNativeTarget "GTMSessionFetcherwatchOS" */ = {
			isa = XCConfigurationList;
			buildConfigurations = (
				19DF517B1FD46366004589A7 /* Debug */,
				19DF517C1FD46366004589A7 /* Release */,
			);
			defaultConfigurationIsVisible = 0;
			defaultConfigurationName = Release;
		};
/* End XCConfigurationList section */
	};
	rootObject = 19DF50841FD462B5004589A7 /* Project object */;
}
